// !$*UTF8*$!
{
	archiveVersion = 1;
	classes = {
	};
	objectVersion = 56;
	objects = {

/* Begin PBXBuildFile section */
		8F39DDED2A19F332001854D5 /* BidListViewController.swift in Sources */ = {isa = PBXBuildFile; fileRef = 8F39DDEC2A19F332001854D5 /* BidListViewController.swift */; };
		8F3C25012A1EE82300422072 /* MyBidListViewController.swift in Sources */ = {isa = PBXBuildFile; fileRef = 8F3C25002A1EE82300422072 /* MyBidListViewController.swift */; };
		8F7FDFDF2A2B887E00D56569 /* ChatListCell.swift in Sources */ = {isa = PBXBuildFile; fileRef = 8F7FDFDE2A2B887E00D56569 /* ChatListCell.swift */; };
		8F7FDFE12A2B889200D56569 /* ChatCell.swift in Sources */ = {isa = PBXBuildFile; fileRef = 8F7FDFE02A2B889200D56569 /* ChatCell.swift */; };
		8F7FDFE32A2B88B200D56569 /* ChatCell.xib in Resources */ = {isa = PBXBuildFile; fileRef = 8F7FDFE22A2B88B200D56569 /* ChatCell.xib */; };
		8F7FDFE52A2B892300D56569 /* ChatListViewController.swift in Sources */ = {isa = PBXBuildFile; fileRef = 8F7FDFE42A2B892300D56569 /* ChatListViewController.swift */; };
		8F7FDFE72A2B893A00D56569 /* ChatViewController.swift in Sources */ = {isa = PBXBuildFile; fileRef = 8F7FDFE62A2B893A00D56569 /* ChatViewController.swift */; };
		8F89ACCE2A2500BE007D681B /* MyBidListDetailViewController.swift in Sources */ = {isa = PBXBuildFile; fileRef = 8F89ACCD2A2500BE007D681B /* MyBidListDetailViewController.swift */; };
		8F8E776D2AFE7421001BDB9A /* FirebaseAnalytics in Frameworks */ = {isa = PBXBuildFile; productRef = 8F8E776C2AFE7421001BDB9A /* FirebaseAnalytics */; };
		8F8E776F2AFE7421001BDB9A /* FirebaseAnalyticsOnDeviceConversion in Frameworks */ = {isa = PBXBuildFile; productRef = 8F8E776E2AFE7421001BDB9A /* FirebaseAnalyticsOnDeviceConversion */; };
		8F8E77712AFE7421001BDB9A /* FirebaseAnalyticsSwift in Frameworks */ = {isa = PBXBuildFile; productRef = 8F8E77702AFE7421001BDB9A /* FirebaseAnalyticsSwift */; };
		8F8E77732AFE7421001BDB9A /* FirebaseAnalyticsWithoutAdIdSupport in Frameworks */ = {isa = PBXBuildFile; productRef = 8F8E77722AFE7421001BDB9A /* FirebaseAnalyticsWithoutAdIdSupport */; };
		8F8E77752AFE7421001BDB9A /* FirebaseAppCheck in Frameworks */ = {isa = PBXBuildFile; productRef = 8F8E77742AFE7421001BDB9A /* FirebaseAppCheck */; };
		8F8E77772AFE7421001BDB9A /* FirebaseAppDistribution-Beta in Frameworks */ = {isa = PBXBuildFile; productRef = 8F8E77762AFE7421001BDB9A /* FirebaseAppDistribution-Beta */; };
		8F8E77792AFE7421001BDB9A /* FirebaseAuth in Frameworks */ = {isa = PBXBuildFile; productRef = 8F8E77782AFE7421001BDB9A /* FirebaseAuth */; };
		8F8E777B2AFE7421001BDB9A /* FirebaseAuthCombine-Community in Frameworks */ = {isa = PBXBuildFile; productRef = 8F8E777A2AFE7421001BDB9A /* FirebaseAuthCombine-Community */; };
		8F8E777D2AFE7421001BDB9A /* FirebaseCrashlytics in Frameworks */ = {isa = PBXBuildFile; productRef = 8F8E777C2AFE7421001BDB9A /* FirebaseCrashlytics */; };
		8F8E777F2AFE7421001BDB9A /* FirebaseDatabase in Frameworks */ = {isa = PBXBuildFile; productRef = 8F8E777E2AFE7421001BDB9A /* FirebaseDatabase */; };
		8F8E77812AFE7421001BDB9A /* FirebaseDatabaseSwift in Frameworks */ = {isa = PBXBuildFile; productRef = 8F8E77802AFE7421001BDB9A /* FirebaseDatabaseSwift */; };
		8F8E77832AFE7421001BDB9A /* FirebaseDynamicLinks in Frameworks */ = {isa = PBXBuildFile; productRef = 8F8E77822AFE7421001BDB9A /* FirebaseDynamicLinks */; };
		8F8E77852AFE7421001BDB9A /* FirebaseFirestore in Frameworks */ = {isa = PBXBuildFile; productRef = 8F8E77842AFE7421001BDB9A /* FirebaseFirestore */; };
		8F8E77872AFE7421001BDB9A /* FirebaseFirestoreCombine-Community in Frameworks */ = {isa = PBXBuildFile; productRef = 8F8E77862AFE7421001BDB9A /* FirebaseFirestoreCombine-Community */; };
		8F8E77892AFE7421001BDB9A /* FirebaseFirestoreSwift in Frameworks */ = {isa = PBXBuildFile; productRef = 8F8E77882AFE7421001BDB9A /* FirebaseFirestoreSwift */; };
		8F8E778B2AFE7421001BDB9A /* FirebaseFunctions in Frameworks */ = {isa = PBXBuildFile; productRef = 8F8E778A2AFE7421001BDB9A /* FirebaseFunctions */; };
		8F8E778D2AFE7421001BDB9A /* FirebaseFunctionsCombine-Community in Frameworks */ = {isa = PBXBuildFile; productRef = 8F8E778C2AFE7421001BDB9A /* FirebaseFunctionsCombine-Community */; };
		8F8E778F2AFE7421001BDB9A /* FirebaseInAppMessaging-Beta in Frameworks */ = {isa = PBXBuildFile; productRef = 8F8E778E2AFE7421001BDB9A /* FirebaseInAppMessaging-Beta */; };
		8F8E77912AFE7421001BDB9A /* FirebaseInAppMessagingSwift-Beta in Frameworks */ = {isa = PBXBuildFile; productRef = 8F8E77902AFE7421001BDB9A /* FirebaseInAppMessagingSwift-Beta */; };
		8F8E77932AFE7421001BDB9A /* FirebaseInstallations in Frameworks */ = {isa = PBXBuildFile; productRef = 8F8E77922AFE7421001BDB9A /* FirebaseInstallations */; };
		8F8E77952AFE7421001BDB9A /* FirebaseMLModelDownloader in Frameworks */ = {isa = PBXBuildFile; productRef = 8F8E77942AFE7421001BDB9A /* FirebaseMLModelDownloader */; };
		8F8E77972AFE7421001BDB9A /* FirebaseMessaging in Frameworks */ = {isa = PBXBuildFile; productRef = 8F8E77962AFE7421001BDB9A /* FirebaseMessaging */; };
		8F8E77992AFE7421001BDB9A /* FirebasePerformance in Frameworks */ = {isa = PBXBuildFile; productRef = 8F8E77982AFE7421001BDB9A /* FirebasePerformance */; };
		8F8E779B2AFE7421001BDB9A /* FirebaseRemoteConfig in Frameworks */ = {isa = PBXBuildFile; productRef = 8F8E779A2AFE7421001BDB9A /* FirebaseRemoteConfig */; };
		8F8E779D2AFE7421001BDB9A /* FirebaseRemoteConfigSwift in Frameworks */ = {isa = PBXBuildFile; productRef = 8F8E779C2AFE7421001BDB9A /* FirebaseRemoteConfigSwift */; };
		8F8E779F2AFE7421001BDB9A /* FirebaseStorage in Frameworks */ = {isa = PBXBuildFile; productRef = 8F8E779E2AFE7421001BDB9A /* FirebaseStorage */; };
		8F8E77A12AFE7421001BDB9A /* FirebaseStorageCombine-Community in Frameworks */ = {isa = PBXBuildFile; productRef = 8F8E77A02AFE7421001BDB9A /* FirebaseStorageCombine-Community */; };
		8F8E77A42AFE7431001BDB9A /* RxBlocking in Frameworks */ = {isa = PBXBuildFile; productRef = 8F8E77A32AFE7431001BDB9A /* RxBlocking */; };
		8F8E77A62AFE7431001BDB9A /* RxBlocking-Dynamic in Frameworks */ = {isa = PBXBuildFile; productRef = 8F8E77A52AFE7431001BDB9A /* RxBlocking-Dynamic */; };
		8F8E77A82AFE7431001BDB9A /* RxCocoa in Frameworks */ = {isa = PBXBuildFile; productRef = 8F8E77A72AFE7431001BDB9A /* RxCocoa */; };
		8F8E77AA2AFE7431001BDB9A /* RxCocoa-Dynamic in Frameworks */ = {isa = PBXBuildFile; productRef = 8F8E77A92AFE7431001BDB9A /* RxCocoa-Dynamic */; };
		8F8E77AC2AFE7431001BDB9A /* RxRelay in Frameworks */ = {isa = PBXBuildFile; productRef = 8F8E77AB2AFE7431001BDB9A /* RxRelay */; };
		8F8E77B02AFE745F001BDB9A /* SOYO Maple Regular.otf in Resources */ = {isa = PBXBuildFile; fileRef = 8F8E77AE2AFE745F001BDB9A /* SOYO Maple Regular.otf */; };
		8F8E77B12AFE745F001BDB9A /* SOYO Maple Bold.otf in Resources */ = {isa = PBXBuildFile; fileRef = 8F8E77AF2AFE745F001BDB9A /* SOYO Maple Bold.otf */; };
		8F8E77B32AFE76B3001BDB9A /* LoginViewController.swift in Sources */ = {isa = PBXBuildFile; fileRef = 8F8E77B22AFE76B3001BDB9A /* LoginViewController.swift */; };
		8F9350E82A1F16AA00784AE3 /* MyBidListCell.swift in Sources */ = {isa = PBXBuildFile; fileRef = 8F9350E72A1F16AA00784AE3 /* MyBidListCell.swift */; };
		8FBD1CA02A1C2E2600556D2A /* BidDetailViewController.swift in Sources */ = {isa = PBXBuildFile; fileRef = 8FBD1C9F2A1C2E2600556D2A /* BidDetailViewController.swift */; };
		8FD14ECB2A18A8770001F4DD /* AppDelegate.swift in Sources */ = {isa = PBXBuildFile; fileRef = 8FD14ECA2A18A8770001F4DD /* AppDelegate.swift */; };
		8FD14ECD2A18A8770001F4DD /* SceneDelegate.swift in Sources */ = {isa = PBXBuildFile; fileRef = 8FD14ECC2A18A8770001F4DD /* SceneDelegate.swift */; };
		8FD14ECF2A18A8770001F4DD /* MainViewController.swift in Sources */ = {isa = PBXBuildFile; fileRef = 8FD14ECE2A18A8770001F4DD /* MainViewController.swift */; };
		8FD14ED22A18A8770001F4DD /* Main.storyboard in Resources */ = {isa = PBXBuildFile; fileRef = 8FD14ED02A18A8770001F4DD /* Main.storyboard */; };
		8FD14ED42A18A8780001F4DD /* Assets.xcassets in Resources */ = {isa = PBXBuildFile; fileRef = 8FD14ED32A18A8780001F4DD /* Assets.xcassets */; };
		8FD14ED72A18A8780001F4DD /* LaunchScreen.storyboard in Resources */ = {isa = PBXBuildFile; fileRef = 8FD14ED52A18A8780001F4DD /* LaunchScreen.storyboard */; };
		8FD14EDF2A18A9930001F4DD /* GoogleService-Info.plist in Resources */ = {isa = PBXBuildFile; fileRef = 8FD14EDE2A18A9930001F4DD /* GoogleService-Info.plist */; };
		8FD14EE42A18AD420001F4DD /* BidListCell.swift in Sources */ = {isa = PBXBuildFile; fileRef = 8FD14EE32A18AD420001F4DD /* BidListCell.swift */; };
/* End PBXBuildFile section */

/* Begin PBXFileReference section */
		8F39DDEC2A19F332001854D5 /* BidListViewController.swift */ = {isa = PBXFileReference; lastKnownFileType = sourcecode.swift; path = BidListViewController.swift; sourceTree = "<group>"; };
		8F3C25002A1EE82300422072 /* MyBidListViewController.swift */ = {isa = PBXFileReference; lastKnownFileType = sourcecode.swift; path = MyBidListViewController.swift; sourceTree = "<group>"; };
		8F7FDFDE2A2B887E00D56569 /* ChatListCell.swift */ = {isa = PBXFileReference; lastKnownFileType = sourcecode.swift; path = ChatListCell.swift; sourceTree = "<group>"; };
		8F7FDFE02A2B889200D56569 /* ChatCell.swift */ = {isa = PBXFileReference; lastKnownFileType = sourcecode.swift; path = ChatCell.swift; sourceTree = "<group>"; };
		8F7FDFE22A2B88B200D56569 /* ChatCell.xib */ = {isa = PBXFileReference; lastKnownFileType = file.xib; path = ChatCell.xib; sourceTree = "<group>"; };
		8F7FDFE42A2B892300D56569 /* ChatListViewController.swift */ = {isa = PBXFileReference; lastKnownFileType = sourcecode.swift; path = ChatListViewController.swift; sourceTree = "<group>"; };
		8F7FDFE62A2B893A00D56569 /* ChatViewController.swift */ = {isa = PBXFileReference; lastKnownFileType = sourcecode.swift; path = ChatViewController.swift; sourceTree = "<group>"; };
		8F89ACCD2A2500BE007D681B /* MyBidListDetailViewController.swift */ = {isa = PBXFileReference; lastKnownFileType = sourcecode.swift; path = MyBidListDetailViewController.swift; sourceTree = "<group>"; };
		8F8E77AE2AFE745F001BDB9A /* SOYO Maple Regular.otf */ = {isa = PBXFileReference; lastKnownFileType = file; path = "SOYO Maple Regular.otf"; sourceTree = "<group>"; };
		8F8E77AF2AFE745F001BDB9A /* SOYO Maple Bold.otf */ = {isa = PBXFileReference; lastKnownFileType = file; path = "SOYO Maple Bold.otf"; sourceTree = "<group>"; };
		8F8E77B22AFE76B3001BDB9A /* LoginViewController.swift */ = {isa = PBXFileReference; lastKnownFileType = sourcecode.swift; path = LoginViewController.swift; sourceTree = "<group>"; };
		8F9350E72A1F16AA00784AE3 /* MyBidListCell.swift */ = {isa = PBXFileReference; lastKnownFileType = sourcecode.swift; path = MyBidListCell.swift; sourceTree = "<group>"; };
		8FBD1C9F2A1C2E2600556D2A /* BidDetailViewController.swift */ = {isa = PBXFileReference; lastKnownFileType = sourcecode.swift; path = BidDetailViewController.swift; sourceTree = "<group>"; };
		8FD14EC72A18A8770001F4DD /* 2023_Graduate_Project_Seller.app */ = {isa = PBXFileReference; explicitFileType = wrapper.application; includeInIndex = 0; path = 2023_Graduate_Project_Seller.app; sourceTree = BUILT_PRODUCTS_DIR; };
		8FD14ECA2A18A8770001F4DD /* AppDelegate.swift */ = {isa = PBXFileReference; lastKnownFileType = sourcecode.swift; path = AppDelegate.swift; sourceTree = "<group>"; };
		8FD14ECC2A18A8770001F4DD /* SceneDelegate.swift */ = {isa = PBXFileReference; lastKnownFileType = sourcecode.swift; path = SceneDelegate.swift; sourceTree = "<group>"; };
		8FD14ECE2A18A8770001F4DD /* MainViewController.swift */ = {isa = PBXFileReference; lastKnownFileType = sourcecode.swift; path = MainViewController.swift; sourceTree = "<group>"; };
		8FD14ED12A18A8770001F4DD /* Base */ = {isa = PBXFileReference; lastKnownFileType = file.storyboard; name = Base; path = Base.lproj/Main.storyboard; sourceTree = "<group>"; };
		8FD14ED32A18A8780001F4DD /* Assets.xcassets */ = {isa = PBXFileReference; lastKnownFileType = folder.assetcatalog; path = Assets.xcassets; sourceTree = "<group>"; };
		8FD14ED62A18A8780001F4DD /* Base */ = {isa = PBXFileReference; lastKnownFileType = file.storyboard; name = Base; path = Base.lproj/LaunchScreen.storyboard; sourceTree = "<group>"; };
		8FD14ED82A18A8780001F4DD /* Info.plist */ = {isa = PBXFileReference; lastKnownFileType = text.plist.xml; path = Info.plist; sourceTree = "<group>"; };
		8FD14EDE2A18A9930001F4DD /* GoogleService-Info.plist */ = {isa = PBXFileReference; fileEncoding = 4; lastKnownFileType = text.plist.xml; path = "GoogleService-Info.plist"; sourceTree = "<group>"; };
		8FD14EE32A18AD420001F4DD /* BidListCell.swift */ = {isa = PBXFileReference; lastKnownFileType = sourcecode.swift; path = BidListCell.swift; sourceTree = "<group>"; };
/* End PBXFileReference section */

/* Begin PBXFrameworksBuildPhase section */
		8FD14EC42A18A8770001F4DD /* Frameworks */ = {
			isa = PBXFrameworksBuildPhase;
			buildActionMask = 2147483647;
			files = (
				8F8E777F2AFE7421001BDB9A /* FirebaseDatabase in Frameworks */,
				8F8E778D2AFE7421001BDB9A /* FirebaseFunctionsCombine-Community in Frameworks */,
				8F8E77852AFE7421001BDB9A /* FirebaseFirestore in Frameworks */,
				8F8E77712AFE7421001BDB9A /* FirebaseAnalyticsSwift in Frameworks */,
				8F8E776D2AFE7421001BDB9A /* FirebaseAnalytics in Frameworks */,
				8F8E776F2AFE7421001BDB9A /* FirebaseAnalyticsOnDeviceConversion in Frameworks */,
				8F8E77952AFE7421001BDB9A /* FirebaseMLModelDownloader in Frameworks */,
				8F8E77892AFE7421001BDB9A /* FirebaseFirestoreSwift in Frameworks */,
				8F8E77752AFE7421001BDB9A /* FirebaseAppCheck in Frameworks */,
				8F8E77732AFE7421001BDB9A /* FirebaseAnalyticsWithoutAdIdSupport in Frameworks */,
				8F8E77792AFE7421001BDB9A /* FirebaseAuth in Frameworks */,
				8F8E777D2AFE7421001BDB9A /* FirebaseCrashlytics in Frameworks */,
				8F8E77A82AFE7431001BDB9A /* RxCocoa in Frameworks */,
				8F8E779D2AFE7421001BDB9A /* FirebaseRemoteConfigSwift in Frameworks */,
				8F8E77AC2AFE7431001BDB9A /* RxRelay in Frameworks */,
				8F8E77A42AFE7431001BDB9A /* RxBlocking in Frameworks */,
				8F8E778F2AFE7421001BDB9A /* FirebaseInAppMessaging-Beta in Frameworks */,
				8F8E77812AFE7421001BDB9A /* FirebaseDatabaseSwift in Frameworks */,
				8F8E778B2AFE7421001BDB9A /* FirebaseFunctions in Frameworks */,
				8F8E77A12AFE7421001BDB9A /* FirebaseStorageCombine-Community in Frameworks */,
				8F8E779B2AFE7421001BDB9A /* FirebaseRemoteConfig in Frameworks */,
				8F8E77772AFE7421001BDB9A /* FirebaseAppDistribution-Beta in Frameworks */,
				8F8E777B2AFE7421001BDB9A /* FirebaseAuthCombine-Community in Frameworks */,
				8F8E77992AFE7421001BDB9A /* FirebasePerformance in Frameworks */,
				8F8E77912AFE7421001BDB9A /* FirebaseInAppMessagingSwift-Beta in Frameworks */,
				8F8E779F2AFE7421001BDB9A /* FirebaseStorage in Frameworks */,
				8F8E77AA2AFE7431001BDB9A /* RxCocoa-Dynamic in Frameworks */,
				8F8E77832AFE7421001BDB9A /* FirebaseDynamicLinks in Frameworks */,
				8F8E77A62AFE7431001BDB9A /* RxBlocking-Dynamic in Frameworks */,
				8F8E77872AFE7421001BDB9A /* FirebaseFirestoreCombine-Community in Frameworks */,
				8F8E77972AFE7421001BDB9A /* FirebaseMessaging in Frameworks */,
				8F8E77932AFE7421001BDB9A /* FirebaseInstallations in Frameworks */,
			);
			runOnlyForDeploymentPostprocessing = 0;
		};
/* End PBXFrameworksBuildPhase section */

/* Begin PBXGroup section */
		8F8E77AD2AFE7450001BDB9A /* Fonts */ = {
			isa = PBXGroup;
			children = (
				8F8E77AF2AFE745F001BDB9A /* SOYO Maple Bold.otf */,
				8F8E77AE2AFE745F001BDB9A /* SOYO Maple Regular.otf */,
			);
			path = Fonts;
			sourceTree = "<group>";
		};
		8FD14EBE2A18A8770001F4DD = {
			isa = PBXGroup;
			children = (
				8FD14EC92A18A8770001F4DD /* 2023_Graduate_Project_Seller */,
				8FD14EC82A18A8770001F4DD /* Products */,
			);
			sourceTree = "<group>";
		};
		8FD14EC82A18A8770001F4DD /* Products */ = {
			isa = PBXGroup;
			children = (
				8FD14EC72A18A8770001F4DD /* 2023_Graduate_Project_Seller.app */,
			);
			name = Products;
			sourceTree = "<group>";
		};
		8FD14EC92A18A8770001F4DD /* 2023_Graduate_Project_Seller */ = {
			isa = PBXGroup;
			children = (
				8F8E77AD2AFE7450001BDB9A /* Fonts */,
				8FD14EDE2A18A9930001F4DD /* GoogleService-Info.plist */,
				8FD14ECA2A18A8770001F4DD /* AppDelegate.swift */,
				8FD14ECC2A18A8770001F4DD /* SceneDelegate.swift */,
				8FD14EE02A18AB710001F4DD /* Model */,
				8FD14EE12A18AB840001F4DD /* View */,
				8FD14EE22A18AB8F0001F4DD /* Controller */,
				8FD14ED32A18A8780001F4DD /* Assets.xcassets */,
				8FD14ED82A18A8780001F4DD /* Info.plist */,
			);
			path = 2023_Graduate_Project_Seller;
			sourceTree = "<group>";
		};
		8FD14EE02A18AB710001F4DD /* Model */ = {
			isa = PBXGroup;
			children = (
				8FD14EE32A18AD420001F4DD /* BidListCell.swift */,
				8F9350E72A1F16AA00784AE3 /* MyBidListCell.swift */,
				8F7FDFDE2A2B887E00D56569 /* ChatListCell.swift */,
				8F7FDFE02A2B889200D56569 /* ChatCell.swift */,
				8F7FDFE22A2B88B200D56569 /* ChatCell.xib */,
			);
			path = Model;
			sourceTree = "<group>";
		};
		8FD14EE12A18AB840001F4DD /* View */ = {
			isa = PBXGroup;
			children = (
				8FD14ED52A18A8780001F4DD /* LaunchScreen.storyboard */,
				8FD14ED02A18A8770001F4DD /* Main.storyboard */,
			);
			path = View;
			sourceTree = "<group>";
		};
		8FD14EE22A18AB8F0001F4DD /* Controller */ = {
			isa = PBXGroup;
			children = (
				8FD14ECE2A18A8770001F4DD /* MainViewController.swift */,
				8F39DDEC2A19F332001854D5 /* BidListViewController.swift */,
				8FBD1C9F2A1C2E2600556D2A /* BidDetailViewController.swift */,
				8F3C25002A1EE82300422072 /* MyBidListViewController.swift */,
				8F89ACCD2A2500BE007D681B /* MyBidListDetailViewController.swift */,
				8F7FDFE42A2B892300D56569 /* ChatListViewController.swift */,
				8F7FDFE62A2B893A00D56569 /* ChatViewController.swift */,
				8F8E77B22AFE76B3001BDB9A /* LoginViewController.swift */,
			);
			path = Controller;
			sourceTree = "<group>";
		};
/* End PBXGroup section */

/* Begin PBXNativeTarget section */
		8FD14EC62A18A8770001F4DD /* 2023_Graduate_Project_Seller */ = {
			isa = PBXNativeTarget;
			buildConfigurationList = 8FD14EDB2A18A8780001F4DD /* Build configuration list for PBXNativeTarget "2023_Graduate_Project_Seller" */;
			buildPhases = (
				8FD14EC32A18A8770001F4DD /* Sources */,
				8FD14EC42A18A8770001F4DD /* Frameworks */,
				8FD14EC52A18A8770001F4DD /* Resources */,
			);
			buildRules = (
			);
			dependencies = (
			);
			name = 2023_Graduate_Project_Seller;
			packageProductDependencies = (
				8F8E776C2AFE7421001BDB9A /* FirebaseAnalytics */,
				8F8E776E2AFE7421001BDB9A /* FirebaseAnalyticsOnDeviceConversion */,
				8F8E77702AFE7421001BDB9A /* FirebaseAnalyticsSwift */,
				8F8E77722AFE7421001BDB9A /* FirebaseAnalyticsWithoutAdIdSupport */,
				8F8E77742AFE7421001BDB9A /* FirebaseAppCheck */,
				8F8E77762AFE7421001BDB9A /* FirebaseAppDistribution-Beta */,
				8F8E77782AFE7421001BDB9A /* FirebaseAuth */,
				8F8E777A2AFE7421001BDB9A /* FirebaseAuthCombine-Community */,
				8F8E777C2AFE7421001BDB9A /* FirebaseCrashlytics */,
				8F8E777E2AFE7421001BDB9A /* FirebaseDatabase */,
				8F8E77802AFE7421001BDB9A /* FirebaseDatabaseSwift */,
				8F8E77822AFE7421001BDB9A /* FirebaseDynamicLinks */,
				8F8E77842AFE7421001BDB9A /* FirebaseFirestore */,
				8F8E77862AFE7421001BDB9A /* FirebaseFirestoreCombine-Community */,
				8F8E77882AFE7421001BDB9A /* FirebaseFirestoreSwift */,
				8F8E778A2AFE7421001BDB9A /* FirebaseFunctions */,
				8F8E778C2AFE7421001BDB9A /* FirebaseFunctionsCombine-Community */,
				8F8E778E2AFE7421001BDB9A /* FirebaseInAppMessaging-Beta */,
				8F8E77902AFE7421001BDB9A /* FirebaseInAppMessagingSwift-Beta */,
				8F8E77922AFE7421001BDB9A /* FirebaseInstallations */,
				8F8E77942AFE7421001BDB9A /* FirebaseMLModelDownloader */,
				8F8E77962AFE7421001BDB9A /* FirebaseMessaging */,
				8F8E77982AFE7421001BDB9A /* FirebasePerformance */,
				8F8E779A2AFE7421001BDB9A /* FirebaseRemoteConfig */,
				8F8E779C2AFE7421001BDB9A /* FirebaseRemoteConfigSwift */,
				8F8E779E2AFE7421001BDB9A /* FirebaseStorage */,
				8F8E77A02AFE7421001BDB9A /* FirebaseStorageCombine-Community */,
				8F8E77A32AFE7431001BDB9A /* RxBlocking */,
				8F8E77A52AFE7431001BDB9A /* RxBlocking-Dynamic */,
				8F8E77A72AFE7431001BDB9A /* RxCocoa */,
				8F8E77A92AFE7431001BDB9A /* RxCocoa-Dynamic */,
				8F8E77AB2AFE7431001BDB9A /* RxRelay */,
			);
			productName = 2023_Graduate_Project_Seller;
			productReference = 8FD14EC72A18A8770001F4DD /* 2023_Graduate_Project_Seller.app */;
			productType = "com.apple.product-type.application";
		};
/* End PBXNativeTarget section */

/* Begin PBXProject section */
		8FD14EBF2A18A8770001F4DD /* Project object */ = {
			isa = PBXProject;
			attributes = {
				BuildIndependentTargetsInParallel = 1;
				LastSwiftUpdateCheck = 1430;
				LastUpgradeCheck = 1430;
				TargetAttributes = {
					8FD14EC62A18A8770001F4DD = {
						CreatedOnToolsVersion = 14.3;
					};
				};
			};
			buildConfigurationList = 8FD14EC22A18A8770001F4DD /* Build configuration list for PBXProject "2023_Graduate_Project_Seller" */;
			compatibilityVersion = "Xcode 14.0";
			developmentRegion = en;
			hasScannedForEncodings = 0;
			knownRegions = (
				en,
				Base,
			);
			mainGroup = 8FD14EBE2A18A8770001F4DD;
			packageReferences = (
				8F8E776B2AFE7421001BDB9A /* XCRemoteSwiftPackageReference "firebase-ios-sdk" */,
				8F8E77A22AFE7431001BDB9A /* XCRemoteSwiftPackageReference "RxSwift" */,
			);
			productRefGroup = 8FD14EC82A18A8770001F4DD /* Products */;
			projectDirPath = "";
			projectRoot = "";
			targets = (
				8FD14EC62A18A8770001F4DD /* 2023_Graduate_Project_Seller */,
			);
		};
/* End PBXProject section */

/* Begin PBXResourcesBuildPhase section */
		8FD14EC52A18A8770001F4DD /* Resources */ = {
			isa = PBXResourcesBuildPhase;
			buildActionMask = 2147483647;
			files = (
				8F8E77B02AFE745F001BDB9A /* SOYO Maple Regular.otf in Resources */,
				8FD14ED72A18A8780001F4DD /* LaunchScreen.storyboard in Resources */,
				8F8E77B12AFE745F001BDB9A /* SOYO Maple Bold.otf in Resources */,
				8FD14ED42A18A8780001F4DD /* Assets.xcassets in Resources */,
				8F7FDFE32A2B88B200D56569 /* ChatCell.xib in Resources */,
				8FD14ED22A18A8770001F4DD /* Main.storyboard in Resources */,
				8FD14EDF2A18A9930001F4DD /* GoogleService-Info.plist in Resources */,
			);
			runOnlyForDeploymentPostprocessing = 0;
		};
/* End PBXResourcesBuildPhase section */

/* Begin PBXSourcesBuildPhase section */
		8FD14EC32A18A8770001F4DD /* Sources */ = {
			isa = PBXSourcesBuildPhase;
			buildActionMask = 2147483647;
			files = (
				8F8E77B32AFE76B3001BDB9A /* LoginViewController.swift in Sources */,
				8FD14ECF2A18A8770001F4DD /* MainViewController.swift in Sources */,
				8FBD1CA02A1C2E2600556D2A /* BidDetailViewController.swift in Sources */,
				8F39DDED2A19F332001854D5 /* BidListViewController.swift in Sources */,
				8F7FDFE52A2B892300D56569 /* ChatListViewController.swift in Sources */,
				8FD14EE42A18AD420001F4DD /* BidListCell.swift in Sources */,
				8F89ACCE2A2500BE007D681B /* MyBidListDetailViewController.swift in Sources */,
				8FD14ECB2A18A8770001F4DD /* AppDelegate.swift in Sources */,
				8F9350E82A1F16AA00784AE3 /* MyBidListCell.swift in Sources */,
				8F7FDFDF2A2B887E00D56569 /* ChatListCell.swift in Sources */,
				8F7FDFE12A2B889200D56569 /* ChatCell.swift in Sources */,
				8FD14ECD2A18A8770001F4DD /* SceneDelegate.swift in Sources */,
				8F7FDFE72A2B893A00D56569 /* ChatViewController.swift in Sources */,
				8F3C25012A1EE82300422072 /* MyBidListViewController.swift in Sources */,
			);
			runOnlyForDeploymentPostprocessing = 0;
		};
/* End PBXSourcesBuildPhase section */

/* Begin PBXVariantGroup section */
		8FD14ED02A18A8770001F4DD /* Main.storyboard */ = {
			isa = PBXVariantGroup;
			children = (
				8FD14ED12A18A8770001F4DD /* Base */,
			);
			name = Main.storyboard;
			sourceTree = "<group>";
		};
		8FD14ED52A18A8780001F4DD /* LaunchScreen.storyboard */ = {
			isa = PBXVariantGroup;
			children = (
				8FD14ED62A18A8780001F4DD /* Base */,
			);
			name = LaunchScreen.storyboard;
			sourceTree = "<group>";
		};
/* End PBXVariantGroup section */

/* Begin XCBuildConfiguration section */
		8FD14ED92A18A8780001F4DD /* Debug */ = {
			isa = XCBuildConfiguration;
			buildSettings = {
				ALWAYS_SEARCH_USER_PATHS = NO;
				CLANG_ANALYZER_NONNULL = YES;
				CLANG_ANALYZER_NUMBER_OBJECT_CONVERSION = YES_AGGRESSIVE;
				CLANG_CXX_LANGUAGE_STANDARD = "gnu++20";
				CLANG_ENABLE_MODULES = YES;
				CLANG_ENABLE_OBJC_ARC = YES;
				CLANG_ENABLE_OBJC_WEAK = YES;
				CLANG_WARN_BLOCK_CAPTURE_AUTORELEASING = YES;
				CLANG_WARN_BOOL_CONVERSION = YES;
				CLANG_WARN_COMMA = YES;
				CLANG_WARN_CONSTANT_CONVERSION = YES;
				CLANG_WARN_DEPRECATED_OBJC_IMPLEMENTATIONS = YES;
				CLANG_WARN_DIRECT_OBJC_ISA_USAGE = YES_ERROR;
				CLANG_WARN_DOCUMENTATION_COMMENTS = YES;
				CLANG_WARN_EMPTY_BODY = YES;
				CLANG_WARN_ENUM_CONVERSION = YES;
				CLANG_WARN_INFINITE_RECURSION = YES;
				CLANG_WARN_INT_CONVERSION = YES;
				CLANG_WARN_NON_LITERAL_NULL_CONVERSION = YES;
				CLANG_WARN_OBJC_IMPLICIT_RETAIN_SELF = YES;
				CLANG_WARN_OBJC_LITERAL_CONVERSION = YES;
				CLANG_WARN_OBJC_ROOT_CLASS = YES_ERROR;
				CLANG_WARN_QUOTED_INCLUDE_IN_FRAMEWORK_HEADER = YES;
				CLANG_WARN_RANGE_LOOP_ANALYSIS = YES;
				CLANG_WARN_STRICT_PROTOTYPES = YES;
				CLANG_WARN_SUSPICIOUS_MOVE = YES;
				CLANG_WARN_UNGUARDED_AVAILABILITY = YES_AGGRESSIVE;
				CLANG_WARN_UNREACHABLE_CODE = YES;
				CLANG_WARN__DUPLICATE_METHOD_MATCH = YES;
				COPY_PHASE_STRIP = NO;
				DEBUG_INFORMATION_FORMAT = dwarf;
				ENABLE_STRICT_OBJC_MSGSEND = YES;
				ENABLE_TESTABILITY = YES;
				GCC_C_LANGUAGE_STANDARD = gnu11;
				GCC_DYNAMIC_NO_PIC = NO;
				GCC_NO_COMMON_BLOCKS = YES;
				GCC_OPTIMIZATION_LEVEL = 0;
				GCC_PREPROCESSOR_DEFINITIONS = (
					"DEBUG=1",
					"$(inherited)",
				);
				GCC_WARN_64_TO_32_BIT_CONVERSION = YES;
				GCC_WARN_ABOUT_RETURN_TYPE = YES_ERROR;
				GCC_WARN_UNDECLARED_SELECTOR = YES;
				GCC_WARN_UNINITIALIZED_AUTOS = YES_AGGRESSIVE;
				GCC_WARN_UNUSED_FUNCTION = YES;
				GCC_WARN_UNUSED_VARIABLE = YES;
				IPHONEOS_DEPLOYMENT_TARGET = 16.4;
				MTL_ENABLE_DEBUG_INFO = INCLUDE_SOURCE;
				MTL_FAST_MATH = YES;
				ONLY_ACTIVE_ARCH = YES;
				SDKROOT = iphoneos;
				SWIFT_ACTIVE_COMPILATION_CONDITIONS = DEBUG;
				SWIFT_OPTIMIZATION_LEVEL = "-Onone";
			};
			name = Debug;
		};
		8FD14EDA2A18A8780001F4DD /* Release */ = {
			isa = XCBuildConfiguration;
			buildSettings = {
				ALWAYS_SEARCH_USER_PATHS = NO;
				CLANG_ANALYZER_NONNULL = YES;
				CLANG_ANALYZER_NUMBER_OBJECT_CONVERSION = YES_AGGRESSIVE;
				CLANG_CXX_LANGUAGE_STANDARD = "gnu++20";
				CLANG_ENABLE_MODULES = YES;
				CLANG_ENABLE_OBJC_ARC = YES;
				CLANG_ENABLE_OBJC_WEAK = YES;
				CLANG_WARN_BLOCK_CAPTURE_AUTORELEASING = YES;
				CLANG_WARN_BOOL_CONVERSION = YES;
				CLANG_WARN_COMMA = YES;
				CLANG_WARN_CONSTANT_CONVERSION = YES;
				CLANG_WARN_DEPRECATED_OBJC_IMPLEMENTATIONS = YES;
				CLANG_WARN_DIRECT_OBJC_ISA_USAGE = YES_ERROR;
				CLANG_WARN_DOCUMENTATION_COMMENTS = YES;
				CLANG_WARN_EMPTY_BODY = YES;
				CLANG_WARN_ENUM_CONVERSION = YES;
				CLANG_WARN_INFINITE_RECURSION = YES;
				CLANG_WARN_INT_CONVERSION = YES;
				CLANG_WARN_NON_LITERAL_NULL_CONVERSION = YES;
				CLANG_WARN_OBJC_IMPLICIT_RETAIN_SELF = YES;
				CLANG_WARN_OBJC_LITERAL_CONVERSION = YES;
				CLANG_WARN_OBJC_ROOT_CLASS = YES_ERROR;
				CLANG_WARN_QUOTED_INCLUDE_IN_FRAMEWORK_HEADER = YES;
				CLANG_WARN_RANGE_LOOP_ANALYSIS = YES;
				CLANG_WARN_STRICT_PROTOTYPES = YES;
				CLANG_WARN_SUSPICIOUS_MOVE = YES;
				CLANG_WARN_UNGUARDED_AVAILABILITY = YES_AGGRESSIVE;
				CLANG_WARN_UNREACHABLE_CODE = YES;
				CLANG_WARN__DUPLICATE_METHOD_MATCH = YES;
				COPY_PHASE_STRIP = NO;
				DEBUG_INFORMATION_FORMAT = "dwarf-with-dsym";
				ENABLE_NS_ASSERTIONS = NO;
				ENABLE_STRICT_OBJC_MSGSEND = YES;
				GCC_C_LANGUAGE_STANDARD = gnu11;
				GCC_NO_COMMON_BLOCKS = YES;
				GCC_WARN_64_TO_32_BIT_CONVERSION = YES;
				GCC_WARN_ABOUT_RETURN_TYPE = YES_ERROR;
				GCC_WARN_UNDECLARED_SELECTOR = YES;
				GCC_WARN_UNINITIALIZED_AUTOS = YES_AGGRESSIVE;
				GCC_WARN_UNUSED_FUNCTION = YES;
				GCC_WARN_UNUSED_VARIABLE = YES;
				IPHONEOS_DEPLOYMENT_TARGET = 16.4;
				MTL_ENABLE_DEBUG_INFO = NO;
				MTL_FAST_MATH = YES;
				SDKROOT = iphoneos;
				SWIFT_COMPILATION_MODE = wholemodule;
				SWIFT_OPTIMIZATION_LEVEL = "-O";
				VALIDATE_PRODUCT = YES;
			};
			name = Release;
		};
		8FD14EDC2A18A8780001F4DD /* Debug */ = {
			isa = XCBuildConfiguration;
			buildSettings = {
				ASSETCATALOG_COMPILER_APPICON_NAME = AppIcon;
				ASSETCATALOG_COMPILER_GLOBAL_ACCENT_COLOR_NAME = AccentColor;
				CODE_SIGN_STYLE = Automatic;
				CURRENT_PROJECT_VERSION = 1;
				DEVELOPMENT_TEAM = H5CH2SK77M;
				GENERATE_INFOPLIST_FILE = YES;
				INFOPLIST_FILE = 2023_Graduate_Project_Seller/Info.plist;
				INFOPLIST_KEY_UIApplicationSupportsIndirectInputEvents = YES;
				INFOPLIST_KEY_UILaunchStoryboardName = LaunchScreen;
				INFOPLIST_KEY_UIMainStoryboardFile = Main;
				INFOPLIST_KEY_UISupportedInterfaceOrientations_iPad = "UIInterfaceOrientationPortrait UIInterfaceOrientationPortraitUpsideDown UIInterfaceOrientationLandscapeLeft UIInterfaceOrientationLandscapeRight";
				INFOPLIST_KEY_UISupportedInterfaceOrientations_iPhone = "UIInterfaceOrientationPortrait UIInterfaceOrientationLandscapeLeft UIInterfaceOrientationLandscapeRight";
				LD_RUNPATH_SEARCH_PATHS = (
					"$(inherited)",
					"@executable_path/Frameworks",
				);
				MARKETING_VERSION = 1.0;
				PRODUCT_BUNDLE_IDENTIFIER = "WonDongHyun.-023-Graduate-Project-Seller";
				PRODUCT_NAME = "$(TARGET_NAME)";
				SWIFT_EMIT_LOC_STRINGS = YES;
				SWIFT_VERSION = 5.0;
				TARGETED_DEVICE_FAMILY = "1,2";
			};
			name = Debug;
		};
		8FD14EDD2A18A8780001F4DD /* Release */ = {
			isa = XCBuildConfiguration;
			buildSettings = {
				ASSETCATALOG_COMPILER_APPICON_NAME = AppIcon;
				ASSETCATALOG_COMPILER_GLOBAL_ACCENT_COLOR_NAME = AccentColor;
				CODE_SIGN_STYLE = Automatic;
				CURRENT_PROJECT_VERSION = 1;
				DEVELOPMENT_TEAM = H5CH2SK77M;
				GENERATE_INFOPLIST_FILE = YES;
				INFOPLIST_FILE = 2023_Graduate_Project_Seller/Info.plist;
				INFOPLIST_KEY_UIApplicationSupportsIndirectInputEvents = YES;
				INFOPLIST_KEY_UILaunchStoryboardName = LaunchScreen;
				INFOPLIST_KEY_UIMainStoryboardFile = Main;
				INFOPLIST_KEY_UISupportedInterfaceOrientations_iPad = "UIInterfaceOrientationPortrait UIInterfaceOrientationPortraitUpsideDown UIInterfaceOrientationLandscapeLeft UIInterfaceOrientationLandscapeRight";
				INFOPLIST_KEY_UISupportedInterfaceOrientations_iPhone = "UIInterfaceOrientationPortrait UIInterfaceOrientationLandscapeLeft UIInterfaceOrientationLandscapeRight";
				LD_RUNPATH_SEARCH_PATHS = (
					"$(inherited)",
					"@executable_path/Frameworks",
				);
				MARKETING_VERSION = 1.0;
				PRODUCT_BUNDLE_IDENTIFIER = "WonDongHyun.-023-Graduate-Project-Seller";
				PRODUCT_NAME = "$(TARGET_NAME)";
				SWIFT_EMIT_LOC_STRINGS = YES;
				SWIFT_VERSION = 5.0;
				TARGETED_DEVICE_FAMILY = "1,2";
			};
			name = Release;
		};
/* End XCBuildConfiguration section */

/* Begin XCConfigurationList section */
		8FD14EC22A18A8770001F4DD /* Build configuration list for PBXProject "2023_Graduate_Project_Seller" */ = {
			isa = XCConfigurationList;
			buildConfigurations = (
				8FD14ED92A18A8780001F4DD /* Debug */,
				8FD14EDA2A18A8780001F4DD /* Release */,
			);
			defaultConfigurationIsVisible = 0;
			defaultConfigurationName = Release;
		};
		8FD14EDB2A18A8780001F4DD /* Build configuration list for PBXNativeTarget "2023_Graduate_Project_Seller" */ = {
			isa = XCConfigurationList;
			buildConfigurations = (
				8FD14EDC2A18A8780001F4DD /* Debug */,
				8FD14EDD2A18A8780001F4DD /* Release */,
			);
			defaultConfigurationIsVisible = 0;
			defaultConfigurationName = Release;
		};
/* End XCConfigurationList section */

/* Begin XCRemoteSwiftPackageReference section */
		8F8E776B2AFE7421001BDB9A /* XCRemoteSwiftPackageReference "firebase-ios-sdk" */ = {
			isa = XCRemoteSwiftPackageReference;
			repositoryURL = "https://github.com/firebase/firebase-ios-sdk.git";
			requirement = {
				kind = upToNextMajorVersion;
				minimumVersion = 10.17.0;
			};
		};
		8F8E77A22AFE7431001BDB9A /* XCRemoteSwiftPackageReference "RxSwift" */ = {
			isa = XCRemoteSwiftPackageReference;
			repositoryURL = "https://github.com/ReactiveX/RxSwift.git";
			requirement = {
				kind = upToNextMajorVersion;
				minimumVersion = 6.6.0;
			};
		};
/* End XCRemoteSwiftPackageReference section */

/* Begin XCSwiftPackageProductDependency section */
		8F8E776C2AFE7421001BDB9A /* FirebaseAnalytics */ = {
			isa = XCSwiftPackageProductDependency;
			package = 8F8E776B2AFE7421001BDB9A /* XCRemoteSwiftPackageReference "firebase-ios-sdk" */;
			productName = FirebaseAnalytics;
		};
		8F8E776E2AFE7421001BDB9A /* FirebaseAnalyticsOnDeviceConversion */ = {
			isa = XCSwiftPackageProductDependency;
			package = 8F8E776B2AFE7421001BDB9A /* XCRemoteSwiftPackageReference "firebase-ios-sdk" */;
			productName = FirebaseAnalyticsOnDeviceConversion;
		};
		8F8E77702AFE7421001BDB9A /* FirebaseAnalyticsSwift */ = {
			isa = XCSwiftPackageProductDependency;
			package = 8F8E776B2AFE7421001BDB9A /* XCRemoteSwiftPackageReference "firebase-ios-sdk" */;
			productName = FirebaseAnalyticsSwift;
		};
		8F8E77722AFE7421001BDB9A /* FirebaseAnalyticsWithoutAdIdSupport */ = {
			isa = XCSwiftPackageProductDependency;
			package = 8F8E776B2AFE7421001BDB9A /* XCRemoteSwiftPackageReference "firebase-ios-sdk" */;
			productName = FirebaseAnalyticsWithoutAdIdSupport;
		};
		8F8E77742AFE7421001BDB9A /* FirebaseAppCheck */ = {
			isa = XCSwiftPackageProductDependency;
			package = 8F8E776B2AFE7421001BDB9A /* XCRemoteSwiftPackageReference "firebase-ios-sdk" */;
			productName = FirebaseAppCheck;
		};
		8F8E77762AFE7421001BDB9A /* FirebaseAppDistribution-Beta */ = {
			isa = XCSwiftPackageProductDependency;
			package = 8F8E776B2AFE7421001BDB9A /* XCRemoteSwiftPackageReference "firebase-ios-sdk" */;
			productName = "FirebaseAppDistribution-Beta";
		};
		8F8E77782AFE7421001BDB9A /* FirebaseAuth */ = {
			isa = XCSwiftPackageProductDependency;
			package = 8F8E776B2AFE7421001BDB9A /* XCRemoteSwiftPackageReference "firebase-ios-sdk" */;
			productName = FirebaseAuth;
		};
		8F8E777A2AFE7421001BDB9A /* FirebaseAuthCombine-Community */ = {
			isa = XCSwiftPackageProductDependency;
			package = 8F8E776B2AFE7421001BDB9A /* XCRemoteSwiftPackageReference "firebase-ios-sdk" */;
			productName = "FirebaseAuthCombine-Community";
		};
		8F8E777C2AFE7421001BDB9A /* FirebaseCrashlytics */ = {
			isa = XCSwiftPackageProductDependency;
			package = 8F8E776B2AFE7421001BDB9A /* XCRemoteSwiftPackageReference "firebase-ios-sdk" */;
			productName = FirebaseCrashlytics;
		};
		8F8E777E2AFE7421001BDB9A /* FirebaseDatabase */ = {
			isa = XCSwiftPackageProductDependency;
			package = 8F8E776B2AFE7421001BDB9A /* XCRemoteSwiftPackageReference "firebase-ios-sdk" */;
			productName = FirebaseDatabase;
		};
		8F8E77802AFE7421001BDB9A /* FirebaseDatabaseSwift */ = {
			isa = XCSwiftPackageProductDependency;
			package = 8F8E776B2AFE7421001BDB9A /* XCRemoteSwiftPackageReference "firebase-ios-sdk" */;
			productName = FirebaseDatabaseSwift;
		};
		8F8E77822AFE7421001BDB9A /* FirebaseDynamicLinks */ = {
			isa = XCSwiftPackageProductDependency;
			package = 8F8E776B2AFE7421001BDB9A /* XCRemoteSwiftPackageReference "firebase-ios-sdk" */;
			productName = FirebaseDynamicLinks;
		};
		8F8E77842AFE7421001BDB9A /* FirebaseFirestore */ = {
			isa = XCSwiftPackageProductDependency;
			package = 8F8E776B2AFE7421001BDB9A /* XCRemoteSwiftPackageReference "firebase-ios-sdk" */;
			productName = FirebaseFirestore;
		};
		8F8E77862AFE7421001BDB9A /* FirebaseFirestoreCombine-Community */ = {
			isa = XCSwiftPackageProductDependency;
			package = 8F8E776B2AFE7421001BDB9A /* XCRemoteSwiftPackageReference "firebase-ios-sdk" */;
			productName = "FirebaseFirestoreCombine-Community";
		};
		8F8E77882AFE7421001BDB9A /* FirebaseFirestoreSwift */ = {
			isa = XCSwiftPackageProductDependency;
			package = 8F8E776B2AFE7421001BDB9A /* XCRemoteSwiftPackageReference "firebase-ios-sdk" */;
			productName = FirebaseFirestoreSwift;
		};
		8F8E778A2AFE7421001BDB9A /* FirebaseFunctions */ = {
			isa = XCSwiftPackageProductDependency;
			package = 8F8E776B2AFE7421001BDB9A /* XCRemoteSwiftPackageReference "firebase-ios-sdk" */;
			productName = FirebaseFunctions;
		};
		8F8E778C2AFE7421001BDB9A /* FirebaseFunctionsCombine-Community */ = {
			isa = XCSwiftPackageProductDependency;
			package = 8F8E776B2AFE7421001BDB9A /* XCRemoteSwiftPackageReference "firebase-ios-sdk" */;
			productName = "FirebaseFunctionsCombine-Community";
		};
		8F8E778E2AFE7421001BDB9A /* FirebaseInAppMessaging-Beta */ = {
			isa = XCSwiftPackageProductDependency;
			package = 8F8E776B2AFE7421001BDB9A /* XCRemoteSwiftPackageReference "firebase-ios-sdk" */;
			productName = "FirebaseInAppMessaging-Beta";
		};
		8F8E77902AFE7421001BDB9A /* FirebaseInAppMessagingSwift-Beta */ = {
			isa = XCSwiftPackageProductDependency;
			package = 8F8E776B2AFE7421001BDB9A /* XCRemoteSwiftPackageReference "firebase-ios-sdk" */;
			productName = "FirebaseInAppMessagingSwift-Beta";
		};
		8F8E77922AFE7421001BDB9A /* FirebaseInstallations */ = {
			isa = XCSwiftPackageProductDependency;
			package = 8F8E776B2AFE7421001BDB9A /* XCRemoteSwiftPackageReference "firebase-ios-sdk" */;
			productName = FirebaseInstallations;
		};
		8F8E77942AFE7421001BDB9A /* FirebaseMLModelDownloader */ = {
			isa = XCSwiftPackageProductDependency;
			package = 8F8E776B2AFE7421001BDB9A /* XCRemoteSwiftPackageReference "firebase-ios-sdk" */;
			productName = FirebaseMLModelDownloader;
		};
		8F8E77962AFE7421001BDB9A /* FirebaseMessaging */ = {
			isa = XCSwiftPackageProductDependency;
			package = 8F8E776B2AFE7421001BDB9A /* XCRemoteSwiftPackageReference "firebase-ios-sdk" */;
			productName = FirebaseMessaging;
		};
		8F8E77982AFE7421001BDB9A /* FirebasePerformance */ = {
			isa = XCSwiftPackageProductDependency;
			package = 8F8E776B2AFE7421001BDB9A /* XCRemoteSwiftPackageReference "firebase-ios-sdk" */;
			productName = FirebasePerformance;
		};
		8F8E779A2AFE7421001BDB9A /* FirebaseRemoteConfig */ = {
			isa = XCSwiftPackageProductDependency;
			package = 8F8E776B2AFE7421001BDB9A /* XCRemoteSwiftPackageReference "firebase-ios-sdk" */;
			productName = FirebaseRemoteConfig;
		};
		8F8E779C2AFE7421001BDB9A /* FirebaseRemoteConfigSwift */ = {
			isa = XCSwiftPackageProductDependency;
			package = 8F8E776B2AFE7421001BDB9A /* XCRemoteSwiftPackageReference "firebase-ios-sdk" */;
			productName = FirebaseRemoteConfigSwift;
		};
		8F8E779E2AFE7421001BDB9A /* FirebaseStorage */ = {
			isa = XCSwiftPackageProductDependency;
			package = 8F8E776B2AFE7421001BDB9A /* XCRemoteSwiftPackageReference "firebase-ios-sdk" */;
			productName = FirebaseStorage;
		};
		8F8E77A02AFE7421001BDB9A /* FirebaseStorageCombine-Community */ = {
			isa = XCSwiftPackageProductDependency;
			package = 8F8E776B2AFE7421001BDB9A /* XCRemoteSwiftPackageReference "firebase-ios-sdk" */;
			productName = "FirebaseStorageCombine-Community";
		};
		8F8E77A32AFE7431001BDB9A /* RxBlocking */ = {
			isa = XCSwiftPackageProductDependency;
			package = 8F8E77A22AFE7431001BDB9A /* XCRemoteSwiftPackageReference "RxSwift" */;
			productName = RxBlocking;
		};
		8F8E77A52AFE7431001BDB9A /* RxBlocking-Dynamic */ = {
			isa = XCSwiftPackageProductDependency;
			package = 8F8E77A22AFE7431001BDB9A /* XCRemoteSwiftPackageReference "RxSwift" */;
			productName = "RxBlocking-Dynamic";
		};
		8F8E77A72AFE7431001BDB9A /* RxCocoa */ = {
			isa = XCSwiftPackageProductDependency;
			package = 8F8E77A22AFE7431001BDB9A /* XCRemoteSwiftPackageReference "RxSwift" */;
			productName = RxCocoa;
		};
		8F8E77A92AFE7431001BDB9A /* RxCocoa-Dynamic */ = {
			isa = XCSwiftPackageProductDependency;
			package = 8F8E77A22AFE7431001BDB9A /* XCRemoteSwiftPackageReference "RxSwift" */;
			productName = "RxCocoa-Dynamic";
		};
		8F8E77AB2AFE7431001BDB9A /* RxRelay */ = {
			isa = XCSwiftPackageProductDependency;
			package = 8F8E77A22AFE7431001BDB9A /* XCRemoteSwiftPackageReference "RxSwift" */;
			productName = RxRelay;
		};
/* End XCSwiftPackageProductDependency section */
	};
	rootObject = 8FD14EBF2A18A8770001F4DD /* Project object */;
}
